// !$*UTF8*$!
{
	archiveVersion = 1;
	classes = {
	};
	objectVersion = 50;
	objects = {

/* Begin PBXBuildFile section */
		28D7A703D076CFF9BE7D0704 /* Pods_HopperHacksProjectTests.framework in Frameworks */ = {isa = PBXBuildFile; fileRef = 6F6E9415215D24F6FB27444C /* Pods_HopperHacksProjectTests.framework */; };
		2B1FE5BDD12A08EB5886B27C /* Pods_HopperHacksProject.framework in Frameworks */ = {isa = PBXBuildFile; fileRef = 2CF500A7863BF940F9F6166F /* Pods_HopperHacksProject.framework */; };
		4C774CDAC80F161DC586A08E /* Pods_HopperHacksProject_HopperHacksProjectUITests.framework in Frameworks */ = {isa = PBXBuildFile; fileRef = 4EBF53110B96AC34A5107C55 /* Pods_HopperHacksProject_HopperHacksProjectUITests.framework */; };
		C8773E4C24C8050300786A34 /* AppDelegate.swift in Sources */ = {isa = PBXBuildFile; fileRef = C8773E4B24C8050300786A34 /* AppDelegate.swift */; };
		C8773E4E24C8050300786A34 /* SceneDelegate.swift in Sources */ = {isa = PBXBuildFile; fileRef = C8773E4D24C8050300786A34 /* SceneDelegate.swift */; };
		C8773E5024C8050300786A34 /* FirstViewController.swift in Sources */ = {isa = PBXBuildFile; fileRef = C8773E4F24C8050300786A34 /* FirstViewController.swift */; };
		C8773E5224C8050300786A34 /* SecondViewController.swift in Sources */ = {isa = PBXBuildFile; fileRef = C8773E5124C8050300786A34 /* SecondViewController.swift */; };
		C8773E5524C8050300786A34 /* Main.storyboard in Resources */ = {isa = PBXBuildFile; fileRef = C8773E5324C8050300786A34 /* Main.storyboard */; };
		C8773E5824C8050300786A34 /* HopperHacksProject.xcdatamodeld in Sources */ = {isa = PBXBuildFile; fileRef = C8773E5624C8050300786A34 /* HopperHacksProject.xcdatamodeld */; };
		C8773E5A24C8050D00786A34 /* Assets.xcassets in Resources */ = {isa = PBXBuildFile; fileRef = C8773E5924C8050D00786A34 /* Assets.xcassets */; };
		C8773E5D24C8050D00786A34 /* LaunchScreen.storyboard in Resources */ = {isa = PBXBuildFile; fileRef = C8773E5B24C8050D00786A34 /* LaunchScreen.storyboard */; };
		C8773E6824C8050D00786A34 /* HopperHacksProjectTests.swift in Sources */ = {isa = PBXBuildFile; fileRef = C8773E6724C8050D00786A34 /* HopperHacksProjectTests.swift */; };
		C8773E7324C8050D00786A34 /* HopperHacksProjectUITests.swift in Sources */ = {isa = PBXBuildFile; fileRef = C8773E7224C8050D00786A34 /* HopperHacksProjectUITests.swift */; };
		C8E1304324CA560A001DB7C0 /* GoogleService-Info.plist in Resources */ = {isa = PBXBuildFile; fileRef = C8E1304224CA5609001DB7C0 /* GoogleService-Info.plist */; };
/* End PBXBuildFile section */

/* Begin PBXContainerItemProxy section */
		C8773E6424C8050D00786A34 /* PBXContainerItemProxy */ = {
			isa = PBXContainerItemProxy;
			containerPortal = C8773E4024C8050200786A34 /* Project object */;
			proxyType = 1;
			remoteGlobalIDString = C8773E4724C8050300786A34;
			remoteInfo = HopperHacksProject;
		};
		C8773E6F24C8050D00786A34 /* PBXContainerItemProxy */ = {
			isa = PBXContainerItemProxy;
			containerPortal = C8773E4024C8050200786A34 /* Project object */;
			proxyType = 1;
			remoteGlobalIDString = C8773E4724C8050300786A34;
			remoteInfo = HopperHacksProject;
		};
/* End PBXContainerItemProxy section */

/* Begin PBXFileReference section */
		0770642C884F380443AA23A3 /* Pods-HopperHacksProjectTests.debug.xcconfig */ = {isa = PBXFileReference; includeInIndex = 1; lastKnownFileType = text.xcconfig; name = "Pods-HopperHacksProjectTests.debug.xcconfig"; path = "Target Support Files/Pods-HopperHacksProjectTests/Pods-HopperHacksProjectTests.debug.xcconfig"; sourceTree = "<group>"; };
		1AD6D16E9F4FBBDE3B8FBA89 /* Pods-HopperHacksProject.debug.xcconfig */ = {isa = PBXFileReference; includeInIndex = 1; lastKnownFileType = text.xcconfig; name = "Pods-HopperHacksProject.debug.xcconfig"; path = "Target Support Files/Pods-HopperHacksProject/Pods-HopperHacksProject.debug.xcconfig"; sourceTree = "<group>"; };
		28FECD187E7A9694FBCD577B /* Pods-HopperHacksProjectTests.release.xcconfig */ = {isa = PBXFileReference; includeInIndex = 1; lastKnownFileType = text.xcconfig; name = "Pods-HopperHacksProjectTests.release.xcconfig"; path = "Target Support Files/Pods-HopperHacksProjectTests/Pods-HopperHacksProjectTests.release.xcconfig"; sourceTree = "<group>"; };
		2CF500A7863BF940F9F6166F /* Pods_HopperHacksProject.framework */ = {isa = PBXFileReference; explicitFileType = wrapper.framework; includeInIndex = 0; path = Pods_HopperHacksProject.framework; sourceTree = BUILT_PRODUCTS_DIR; };
		369D619D8A5C66F69B1AF138 /* Pods-HopperHacksProject-HopperHacksProjectUITests.release.xcconfig */ = {isa = PBXFileReference; includeInIndex = 1; lastKnownFileType = text.xcconfig; name = "Pods-HopperHacksProject-HopperHacksProjectUITests.release.xcconfig"; path = "Target Support Files/Pods-HopperHacksProject-HopperHacksProjectUITests/Pods-HopperHacksProject-HopperHacksProjectUITests.release.xcconfig"; sourceTree = "<group>"; };
		4EBF53110B96AC34A5107C55 /* Pods_HopperHacksProject_HopperHacksProjectUITests.framework */ = {isa = PBXFileReference; explicitFileType = wrapper.framework; includeInIndex = 0; path = Pods_HopperHacksProject_HopperHacksProjectUITests.framework; sourceTree = BUILT_PRODUCTS_DIR; };
		6F6E9415215D24F6FB27444C /* Pods_HopperHacksProjectTests.framework */ = {isa = PBXFileReference; explicitFileType = wrapper.framework; includeInIndex = 0; path = Pods_HopperHacksProjectTests.framework; sourceTree = BUILT_PRODUCTS_DIR; };
		88D42F70605DCA21E45BD436 /* Pods-HopperHacksProject.release.xcconfig */ = {isa = PBXFileReference; includeInIndex = 1; lastKnownFileType = text.xcconfig; name = "Pods-HopperHacksProject.release.xcconfig"; path = "Target Support Files/Pods-HopperHacksProject/Pods-HopperHacksProject.release.xcconfig"; sourceTree = "<group>"; };
		965F2BA0CD5A11FCBADFEF3F /* Pods-HopperHacksProject-HopperHacksProjectUITests.debug.xcconfig */ = {isa = PBXFileReference; includeInIndex = 1; lastKnownFileType = text.xcconfig; name = "Pods-HopperHacksProject-HopperHacksProjectUITests.debug.xcconfig"; path = "Target Support Files/Pods-HopperHacksProject-HopperHacksProjectUITests/Pods-HopperHacksProject-HopperHacksProjectUITests.debug.xcconfig"; sourceTree = "<group>"; };
		C8773E4824C8050300786A34 /* HopperHacksProject.app */ = {isa = PBXFileReference; explicitFileType = wrapper.application; includeInIndex = 0; path = HopperHacksProject.app; sourceTree = BUILT_PRODUCTS_DIR; };
		C8773E4B24C8050300786A34 /* AppDelegate.swift */ = {isa = PBXFileReference; lastKnownFileType = sourcecode.swift; path = AppDelegate.swift; sourceTree = "<group>"; };
		C8773E4D24C8050300786A34 /* SceneDelegate.swift */ = {isa = PBXFileReference; lastKnownFileType = sourcecode.swift; path = SceneDelegate.swift; sourceTree = "<group>"; };
		C8773E4F24C8050300786A34 /* FirstViewController.swift */ = {isa = PBXFileReference; lastKnownFileType = sourcecode.swift; path = FirstViewController.swift; sourceTree = "<group>"; };
		C8773E5124C8050300786A34 /* SecondViewController.swift */ = {isa = PBXFileReference; lastKnownFileType = sourcecode.swift; path = SecondViewController.swift; sourceTree = "<group>"; };
		C8773E5424C8050300786A34 /* Base */ = {isa = PBXFileReference; lastKnownFileType = file.storyboard; name = Base; path = Base.lproj/Main.storyboard; sourceTree = "<group>"; };
		C8773E5724C8050300786A34 /* HopperHacksProject.xcdatamodel */ = {isa = PBXFileReference; lastKnownFileType = wrapper.xcdatamodel; path = HopperHacksProject.xcdatamodel; sourceTree = "<group>"; };
		C8773E5924C8050D00786A34 /* Assets.xcassets */ = {isa = PBXFileReference; lastKnownFileType = folder.assetcatalog; path = Assets.xcassets; sourceTree = "<group>"; };
		C8773E5C24C8050D00786A34 /* Base */ = {isa = PBXFileReference; lastKnownFileType = file.storyboard; name = Base; path = Base.lproj/LaunchScreen.storyboard; sourceTree = "<group>"; };
		C8773E5E24C8050D00786A34 /* Info.plist */ = {isa = PBXFileReference; lastKnownFileType = text.plist.xml; path = Info.plist; sourceTree = "<group>"; };
		C8773E6324C8050D00786A34 /* HopperHacksProjectTests.xctest */ = {isa = PBXFileReference; explicitFileType = wrapper.cfbundle; includeInIndex = 0; path = HopperHacksProjectTests.xctest; sourceTree = BUILT_PRODUCTS_DIR; };
		C8773E6724C8050D00786A34 /* HopperHacksProjectTests.swift */ = {isa = PBXFileReference; lastKnownFileType = sourcecode.swift; path = HopperHacksProjectTests.swift; sourceTree = "<group>"; };
		C8773E6924C8050D00786A34 /* Info.plist */ = {isa = PBXFileReference; lastKnownFileType = text.plist.xml; path = Info.plist; sourceTree = "<group>"; };
		C8773E6E24C8050D00786A34 /* HopperHacksProjectUITests.xctest */ = {isa = PBXFileReference; explicitFileType = wrapper.cfbundle; includeInIndex = 0; path = HopperHacksProjectUITests.xctest; sourceTree = BUILT_PRODUCTS_DIR; };
		C8773E7224C8050D00786A34 /* HopperHacksProjectUITests.swift */ = {isa = PBXFileReference; lastKnownFileType = sourcecode.swift; path = HopperHacksProjectUITests.swift; sourceTree = "<group>"; };
		C8773E7424C8050D00786A34 /* Info.plist */ = {isa = PBXFileReference; lastKnownFileType = text.plist.xml; path = Info.plist; sourceTree = "<group>"; };
		C8E1304224CA5609001DB7C0 /* GoogleService-Info.plist */ = {isa = PBXFileReference; fileEncoding = 4; lastKnownFileType = text.plist.xml; name = "GoogleService-Info.plist"; path = "../../../Downloads/GoogleService-Info.plist"; sourceTree = "<group>"; };
/* End PBXFileReference section */

/* Begin PBXFrameworksBuildPhase section */
		C8773E4524C8050300786A34 /* Frameworks */ = {
			isa = PBXFrameworksBuildPhase;
			buildActionMask = 2147483647;
			files = (
				2B1FE5BDD12A08EB5886B27C /* Pods_HopperHacksProject.framework in Frameworks */,
			);
			runOnlyForDeploymentPostprocessing = 0;
		};
		C8773E6024C8050D00786A34 /* Frameworks */ = {
			isa = PBXFrameworksBuildPhase;
			buildActionMask = 2147483647;
			files = (
				28D7A703D076CFF9BE7D0704 /* Pods_HopperHacksProjectTests.framework in Frameworks */,
			);
			runOnlyForDeploymentPostprocessing = 0;
		};
		C8773E6B24C8050D00786A34 /* Frameworks */ = {
			isa = PBXFrameworksBuildPhase;
			buildActionMask = 2147483647;
			files = (
				4C774CDAC80F161DC586A08E /* Pods_HopperHacksProject_HopperHacksProjectUITests.framework in Frameworks */,
			);
			runOnlyForDeploymentPostprocessing = 0;
		};
/* End PBXFrameworksBuildPhase section */

/* Begin PBXGroup section */
		09BA0D710BD7E8AA69A7AF71 /* Pods */ = {
			isa = PBXGroup;
			children = (
				1AD6D16E9F4FBBDE3B8FBA89 /* Pods-HopperHacksProject.debug.xcconfig */,
				88D42F70605DCA21E45BD436 /* Pods-HopperHacksProject.release.xcconfig */,
				965F2BA0CD5A11FCBADFEF3F /* Pods-HopperHacksProject-HopperHacksProjectUITests.debug.xcconfig */,
				369D619D8A5C66F69B1AF138 /* Pods-HopperHacksProject-HopperHacksProjectUITests.release.xcconfig */,
				0770642C884F380443AA23A3 /* Pods-HopperHacksProjectTests.debug.xcconfig */,
				28FECD187E7A9694FBCD577B /* Pods-HopperHacksProjectTests.release.xcconfig */,
			);
			name = Pods;
			path = Pods;
			sourceTree = "<group>";
		};
		AD3DCC2289537501369BD6C7 /* Frameworks */ = {
			isa = PBXGroup;
			children = (
				2CF500A7863BF940F9F6166F /* Pods_HopperHacksProject.framework */,
				4EBF53110B96AC34A5107C55 /* Pods_HopperHacksProject_HopperHacksProjectUITests.framework */,
				6F6E9415215D24F6FB27444C /* Pods_HopperHacksProjectTests.framework */,
			);
			name = Frameworks;
			sourceTree = "<group>";
		};
		C8773E3F24C8050200786A34 = {
			isa = PBXGroup;
			children = (
				C8773E4A24C8050300786A34 /* HopperHacksProject */,
				C8773E6624C8050D00786A34 /* HopperHacksProjectTests */,
				C8773E7124C8050D00786A34 /* HopperHacksProjectUITests */,
				C8773E4924C8050300786A34 /* Products */,
				09BA0D710BD7E8AA69A7AF71 /* Pods */,
				AD3DCC2289537501369BD6C7 /* Frameworks */,
			);
			sourceTree = "<group>";
		};
		C8773E4924C8050300786A34 /* Products */ = {
			isa = PBXGroup;
			children = (
				C8773E4824C8050300786A34 /* HopperHacksProject.app */,
				C8773E6324C8050D00786A34 /* HopperHacksProjectTests.xctest */,
				C8773E6E24C8050D00786A34 /* HopperHacksProjectUITests.xctest */,
			);
			name = Products;
			sourceTree = "<group>";
		};
		C8773E4A24C8050300786A34 /* HopperHacksProject */ = {
			isa = PBXGroup;
			children = (
				C8773E4B24C8050300786A34 /* AppDelegate.swift */,
				C8773E4D24C8050300786A34 /* SceneDelegate.swift */,
				C8773E4F24C8050300786A34 /* FirstViewController.swift */,
				C8773E5124C8050300786A34 /* SecondViewController.swift */,
				C8773E5324C8050300786A34 /* Main.storyboard */,
				C8773E5924C8050D00786A34 /* Assets.xcassets */,
				C8773E5B24C8050D00786A34 /* LaunchScreen.storyboard */,
				C8773E5E24C8050D00786A34 /* Info.plist */,
				C8E1304224CA5609001DB7C0 /* GoogleService-Info.plist */,
				C8773E5624C8050300786A34 /* HopperHacksProject.xcdatamodeld */,
			);
			path = HopperHacksProject;
			sourceTree = "<group>";
		};
		C8773E6624C8050D00786A34 /* HopperHacksProjectTests */ = {
			isa = PBXGroup;
			children = (
				C8773E6724C8050D00786A34 /* HopperHacksProjectTests.swift */,
				C8773E6924C8050D00786A34 /* Info.plist */,
			);
			path = HopperHacksProjectTests;
			sourceTree = "<group>";
		};
		C8773E7124C8050D00786A34 /* HopperHacksProjectUITests */ = {
			isa = PBXGroup;
			children = (
				C8773E7224C8050D00786A34 /* HopperHacksProjectUITests.swift */,
				C8773E7424C8050D00786A34 /* Info.plist */,
			);
			path = HopperHacksProjectUITests;
			sourceTree = "<group>";
		};
/* End PBXGroup section */

/* Begin PBXNativeTarget section */
		C8773E4724C8050300786A34 /* HopperHacksProject */ = {
			isa = PBXNativeTarget;
			buildConfigurationList = C8773E7724C8050D00786A34 /* Build configuration list for PBXNativeTarget "HopperHacksProject" */;
			buildPhases = (
				F8C800463CDC26D297A4CBC9 /* [CP] Check Pods Manifest.lock */,
				C8773E4424C8050300786A34 /* Sources */,
				C8773E4524C8050300786A34 /* Frameworks */,
				C8773E4624C8050300786A34 /* Resources */,
				B14F86057F2559BCC41F2255 /* [CP] Embed Pods Frameworks */,
			);
			buildRules = (
			);
			dependencies = (
			);
			name = HopperHacksProject;
			productName = HopperHacksProject;
			productReference = C8773E4824C8050300786A34 /* HopperHacksProject.app */;
			productType = "com.apple.product-type.application";
		};
		C8773E6224C8050D00786A34 /* HopperHacksProjectTests */ = {
			isa = PBXNativeTarget;
			buildConfigurationList = C8773E7A24C8050D00786A34 /* Build configuration list for PBXNativeTarget "HopperHacksProjectTests" */;
			buildPhases = (
				70ECE475A7F7C51E4C34E0F5 /* [CP] Check Pods Manifest.lock */,
				C8773E5F24C8050D00786A34 /* Sources */,
				C8773E6024C8050D00786A34 /* Frameworks */,
				C8773E6124C8050D00786A34 /* Resources */,
			);
			buildRules = (
			);
			dependencies = (
				C8773E6524C8050D00786A34 /* PBXTargetDependency */,
			);
			name = HopperHacksProjectTests;
			productName = HopperHacksProjectTests;
			productReference = C8773E6324C8050D00786A34 /* HopperHacksProjectTests.xctest */;
			productType = "com.apple.product-type.bundle.unit-test";
		};
		C8773E6D24C8050D00786A34 /* HopperHacksProjectUITests */ = {
			isa = PBXNativeTarget;
			buildConfigurationList = C8773E7D24C8050D00786A34 /* Build configuration list for PBXNativeTarget "HopperHacksProjectUITests" */;
			buildPhases = (
				60310F0628FDB77B65D8DEA9 /* [CP] Check Pods Manifest.lock */,
				C8773E6A24C8050D00786A34 /* Sources */,
				C8773E6B24C8050D00786A34 /* Frameworks */,
				C8773E6C24C8050D00786A34 /* Resources */,
				F6465D71D170F3B3909F0ABF /* [CP] Embed Pods Frameworks */,
			);
			buildRules = (
			);
			dependencies = (
				C8773E7024C8050D00786A34 /* PBXTargetDependency */,
			);
			name = HopperHacksProjectUITests;
			productName = HopperHacksProjectUITests;
			productReference = C8773E6E24C8050D00786A34 /* HopperHacksProjectUITests.xctest */;
			productType = "com.apple.product-type.bundle.ui-testing";
		};
/* End PBXNativeTarget section */

/* Begin PBXProject section */
		C8773E4024C8050200786A34 /* Project object */ = {
			isa = PBXProject;
			attributes = {
				LastSwiftUpdateCheck = 1160;
				LastUpgradeCheck = 1160;
				ORGANIZATIONNAME = HopperHacks;
				TargetAttributes = {
					C8773E4724C8050300786A34 = {
						CreatedOnToolsVersion = 11.6;
					};
					C8773E6224C8050D00786A34 = {
						CreatedOnToolsVersion = 11.6;
						TestTargetID = C8773E4724C8050300786A34;
					};
					C8773E6D24C8050D00786A34 = {
						CreatedOnToolsVersion = 11.6;
						TestTargetID = C8773E4724C8050300786A34;
					};
				};
			};
			buildConfigurationList = C8773E4324C8050200786A34 /* Build configuration list for PBXProject "HopperHacksProject" */;
			compatibilityVersion = "Xcode 9.3";
			developmentRegion = en;
			hasScannedForEncodings = 0;
			knownRegions = (
				en,
				Base,
			);
			mainGroup = C8773E3F24C8050200786A34;
			productRefGroup = C8773E4924C8050300786A34 /* Products */;
			projectDirPath = "";
			projectRoot = "";
			targets = (
				C8773E4724C8050300786A34 /* HopperHacksProject */,
				C8773E6224C8050D00786A34 /* HopperHacksProjectTests */,
				C8773E6D24C8050D00786A34 /* HopperHacksProjectUITests */,
			);
		};
/* End PBXProject section */

/* Begin PBXResourcesBuildPhase section */
		C8773E4624C8050300786A34 /* Resources */ = {
			isa = PBXResourcesBuildPhase;
			buildActionMask = 2147483647;
			files = (
				C8773E5D24C8050D00786A34 /* LaunchScreen.storyboard in Resources */,
				C8E1304324CA560A001DB7C0 /* GoogleService-Info.plist in Resources */,
				C8773E5A24C8050D00786A34 /* Assets.xcassets in Resources */,
				C8773E5524C8050300786A34 /* Main.storyboard in Resources */,
			);
			runOnlyForDeploymentPostprocessing = 0;
		};
		C8773E6124C8050D00786A34 /* Resources */ = {
			isa = PBXResourcesBuildPhase;
			buildActionMask = 2147483647;
			files = (
			);
			runOnlyForDeploymentPostprocessing = 0;
		};
		C8773E6C24C8050D00786A34 /* Resources */ = {
			isa = PBXResourcesBuildPhase;
			buildActionMask = 2147483647;
			files = (
			);
			runOnlyForDeploymentPostprocessing = 0;
		};
/* End PBXResourcesBuildPhase section */

/* Begin PBXShellScriptBuildPhase section */
		60310F0628FDB77B65D8DEA9 /* [CP] Check Pods Manifest.lock */ = {
			isa = PBXShellScriptBuildPhase;
			buildActionMask = 2147483647;
			files = (
			);
			inputFileListPaths = (
			);
			inputPaths = (
				"${PODS_PODFILE_DIR_PATH}/Podfile.lock",
				"${PODS_ROOT}/Manifest.lock",
			);
			name = "[CP] Check Pods Manifest.lock";
			outputFileListPaths = (
			);
			outputPaths = (
				"$(DERIVED_FILE_DIR)/Pods-HopperHacksProject-HopperHacksProjectUITests-checkManifestLockResult.txt",
			);
			runOnlyForDeploymentPostprocessing = 0;
			shellPath = /bin/sh;
			shellScript = "diff \"${PODS_PODFILE_DIR_PATH}/Podfile.lock\" \"${PODS_ROOT}/Manifest.lock\" > /dev/null\nif [ $? != 0 ] ; then\n    # print error to STDERR\n    echo \"error: The sandbox is not in sync with the Podfile.lock. Run 'pod install' or update your CocoaPods installation.\" >&2\n    exit 1\nfi\n# This output is used by Xcode 'outputs' to avoid re-running this script phase.\necho \"SUCCESS\" > \"${SCRIPT_OUTPUT_FILE_0}\"\n";
			showEnvVarsInLog = 0;
		};
		70ECE475A7F7C51E4C34E0F5 /* [CP] Check Pods Manifest.lock */ = {
			isa = PBXShellScriptBuildPhase;
			buildActionMask = 2147483647;
			files = (
			);
			inputFileListPaths = (
			);
			inputPaths = (
				"${PODS_PODFILE_DIR_PATH}/Podfile.lock",
				"${PODS_ROOT}/Manifest.lock",
			);
			name = "[CP] Check Pods Manifest.lock";
			outputFileListPaths = (
			);
			outputPaths = (
				"$(DERIVED_FILE_DIR)/Pods-HopperHacksProjectTests-checkManifestLockResult.txt",
			);
			runOnlyForDeploymentPostprocessing = 0;
			shellPath = /bin/sh;
			shellScript = "diff \"${PODS_PODFILE_DIR_PATH}/Podfile.lock\" \"${PODS_ROOT}/Manifest.lock\" > /dev/null\nif [ $? != 0 ] ; then\n    # print error to STDERR\n    echo \"error: The sandbox is not in sync with the Podfile.lock. Run 'pod install' or update your CocoaPods installation.\" >&2\n    exit 1\nfi\n# This output is used by Xcode 'outputs' to avoid re-running this script phase.\necho \"SUCCESS\" > \"${SCRIPT_OUTPUT_FILE_0}\"\n";
			showEnvVarsInLog = 0;
		};
		B14F86057F2559BCC41F2255 /* [CP] Embed Pods Frameworks */ = {
			isa = PBXShellScriptBuildPhase;
			buildActionMask = 2147483647;
			files = (
			);
			inputFileListPaths = (
				"${PODS_ROOT}/Target Support Files/Pods-HopperHacksProject/Pods-HopperHacksProject-frameworks-${CONFIGURATION}-input-files.xcfilelist",
			);
			name = "[CP] Embed Pods Frameworks";
			outputFileListPaths = (
				"${PODS_ROOT}/Target Support Files/Pods-HopperHacksProject/Pods-HopperHacksProject-frameworks-${CONFIGURATION}-output-files.xcfilelist",
			);
			runOnlyForDeploymentPostprocessing = 0;
			shellPath = /bin/sh;
			shellScript = "\"${PODS_ROOT}/Target Support Files/Pods-HopperHacksProject/Pods-HopperHacksProject-frameworks.sh\"\n";
			showEnvVarsInLog = 0;
		};
		F6465D71D170F3B3909F0ABF /* [CP] Embed Pods Frameworks */ = {
			isa = PBXShellScriptBuildPhase;
			buildActionMask = 2147483647;
			files = (
			);
			inputFileListPaths = (
				"${PODS_ROOT}/Target Support Files/Pods-HopperHacksProject-HopperHacksProjectUITests/Pods-HopperHacksProject-HopperHacksProjectUITests-frameworks-${CONFIGURATION}-input-files.xcfilelist",
			);
			name = "[CP] Embed Pods Frameworks";
			outputFileListPaths = (
				"${PODS_ROOT}/Target Support Files/Pods-HopperHacksProject-HopperHacksProjectUITests/Pods-HopperHacksProject-HopperHacksProjectUITests-frameworks-${CONFIGURATION}-output-files.xcfilelist",
			);
			runOnlyForDeploymentPostprocessing = 0;
			shellPath = /bin/sh;
			shellScript = "\"${PODS_ROOT}/Target Support Files/Pods-HopperHacksProject-HopperHacksProjectUITests/Pods-HopperHacksProject-HopperHacksProjectUITests-frameworks.sh\"\n";
			showEnvVarsInLog = 0;
		};
		F8C800463CDC26D297A4CBC9 /* [CP] Check Pods Manifest.lock */ = {
			isa = PBXShellScriptBuildPhase;
			buildActionMask = 2147483647;
			files = (
			);
			inputFileListPaths = (
			);
			inputPaths = (
				"${PODS_PODFILE_DIR_PATH}/Podfile.lock",
				"${PODS_ROOT}/Manifest.lock",
			);
			name = "[CP] Check Pods Manifest.lock";
			outputFileListPaths = (
			);
			outputPaths = (
				"$(DERIVED_FILE_DIR)/Pods-HopperHacksProject-checkManifestLockResult.txt",
			);
			runOnlyForDeploymentPostprocessing = 0;
			shellPath = /bin/sh;
			shellScript = "diff \"${PODS_PODFILE_DIR_PATH}/Podfile.lock\" \"${PODS_ROOT}/Manifest.lock\" > /dev/null\nif [ $? != 0 ] ; then\n    # print error to STDERR\n    echo \"error: The sandbox is not in sync with the Podfile.lock. Run 'pod install' or update your CocoaPods installation.\" >&2\n    exit 1\nfi\n# This output is used by Xcode 'outputs' to avoid re-running this script phase.\necho \"SUCCESS\" > \"${SCRIPT_OUTPUT_FILE_0}\"\n";
			showEnvVarsInLog = 0;
		};
/* End PBXShellScriptBuildPhase section */

/* Begin PBXSourcesBuildPhase section */
		C8773E4424C8050300786A34 /* Sources */ = {
			isa = PBXSourcesBuildPhase;
			buildActionMask = 2147483647;
			files = (
				C8773E5224C8050300786A34 /* SecondViewController.swift in Sources */,
				C8773E5024C8050300786A34 /* FirstViewController.swift in Sources */,
				C8773E4C24C8050300786A34 /* AppDelegate.swift in Sources */,
				C8773E5824C8050300786A34 /* HopperHacksProject.xcdatamodeld in Sources */,
				C8773E4E24C8050300786A34 /* SceneDelegate.swift in Sources */,
			);
			runOnlyForDeploymentPostprocessing = 0;
		};
		C8773E5F24C8050D00786A34 /* Sources */ = {
			isa = PBXSourcesBuildPhase;
			buildActionMask = 2147483647;
			files = (
				C8773E6824C8050D00786A34 /* HopperHacksProjectTests.swift in Sources */,
			);
			runOnlyForDeploymentPostprocessing = 0;
		};
		C8773E6A24C8050D00786A34 /* Sources */ = {
			isa = PBXSourcesBuildPhase;
			buildActionMask = 2147483647;
			files = (
				C8773E7324C8050D00786A34 /* HopperHacksProjectUITests.swift in Sources */,
			);
			runOnlyForDeploymentPostprocessing = 0;
		};
/* End PBXSourcesBuildPhase section */

/* Begin PBXTargetDependency section */
		C8773E6524C8050D00786A34 /* PBXTargetDependency */ = {
			isa = PBXTargetDependency;
			target = C8773E4724C8050300786A34 /* HopperHacksProject */;
			targetProxy = C8773E6424C8050D00786A34 /* PBXContainerItemProxy */;
		};
		C8773E7024C8050D00786A34 /* PBXTargetDependency */ = {
			isa = PBXTargetDependency;
			target = C8773E4724C8050300786A34 /* HopperHacksProject */;
			targetProxy = C8773E6F24C8050D00786A34 /* PBXContainerItemProxy */;
		};
/* End PBXTargetDependency section */

/* Begin PBXVariantGroup section */
		C8773E5324C8050300786A34 /* Main.storyboard */ = {
			isa = PBXVariantGroup;
			children = (
				C8773E5424C8050300786A34 /* Base */,
			);
			name = Main.storyboard;
			sourceTree = "<group>";
		};
		C8773E5B24C8050D00786A34 /* LaunchScreen.storyboard */ = {
			isa = PBXVariantGroup;
			children = (
				C8773E5C24C8050D00786A34 /* Base */,
			);
			name = LaunchScreen.storyboard;
			sourceTree = "<group>";
		};
/* End PBXVariantGroup section */

/* Begin XCBuildConfiguration section */
		C8773E7524C8050D00786A34 /* Debug */ = {
			isa = XCBuildConfiguration;
			buildSettings = {
				ALWAYS_SEARCH_USER_PATHS = NO;
				CLANG_ANALYZER_NONNULL = YES;
				CLANG_ANALYZER_NUMBER_OBJECT_CONVERSION = YES_AGGRESSIVE;
				CLANG_CXX_LANGUAGE_STANDARD = "gnu++14";
				CLANG_CXX_LIBRARY = "libc++";
				CLANG_ENABLE_MODULES = YES;
				CLANG_ENABLE_OBJC_ARC = YES;
				CLANG_ENABLE_OBJC_WEAK = YES;
				CLANG_WARN_BLOCK_CAPTURE_AUTORELEASING = YES;
				CLANG_WARN_BOOL_CONVERSION = YES;
				CLANG_WARN_COMMA = YES;
				CLANG_WARN_CONSTANT_CONVERSION = YES;
				CLANG_WARN_DEPRECATED_OBJC_IMPLEMENTATIONS = YES;
				CLANG_WARN_DIRECT_OBJC_ISA_USAGE = YES_ERROR;
				CLANG_WARN_DOCUMENTATION_COMMENTS = YES;
				CLANG_WARN_EMPTY_BODY = YES;
				CLANG_WARN_ENUM_CONVERSION = YES;
				CLANG_WARN_INFINITE_RECURSION = YES;
				CLANG_WARN_INT_CONVERSION = YES;
				CLANG_WARN_NON_LITERAL_NULL_CONVERSION = YES;
				CLANG_WARN_OBJC_IMPLICIT_RETAIN_SELF = YES;
				CLANG_WARN_OBJC_LITERAL_CONVERSION = YES;
				CLANG_WARN_OBJC_ROOT_CLASS = YES_ERROR;
				CLANG_WARN_RANGE_LOOP_ANALYSIS = YES;
				CLANG_WARN_STRICT_PROTOTYPES = YES;
				CLANG_WARN_SUSPICIOUS_MOVE = YES;
				CLANG_WARN_UNGUARDED_AVAILABILITY = YES_AGGRESSIVE;
				CLANG_WARN_UNREACHABLE_CODE = YES;
				CLANG_WARN__DUPLICATE_METHOD_MATCH = YES;
				COPY_PHASE_STRIP = NO;
				DEBUG_INFORMATION_FORMAT = dwarf;
				ENABLE_STRICT_OBJC_MSGSEND = YES;
				ENABLE_TESTABILITY = YES;
				GCC_C_LANGUAGE_STANDARD = gnu11;
				GCC_DYNAMIC_NO_PIC = NO;
				GCC_NO_COMMON_BLOCKS = YES;
				GCC_OPTIMIZATION_LEVEL = 0;
				GCC_PREPROCESSOR_DEFINITIONS = (
					"DEBUG=1",
					"$(inherited)",
				);
				GCC_WARN_64_TO_32_BIT_CONVERSION = YES;
				GCC_WARN_ABOUT_RETURN_TYPE = YES_ERROR;
				GCC_WARN_UNDECLARED_SELECTOR = YES;
				GCC_WARN_UNINITIALIZED_AUTOS = YES_AGGRESSIVE;
				GCC_WARN_UNUSED_FUNCTION = YES;
				GCC_WARN_UNUSED_VARIABLE = YES;
				IPHONEOS_DEPLOYMENT_TARGET = 13.6;
				MTL_ENABLE_DEBUG_INFO = INCLUDE_SOURCE;
				MTL_FAST_MATH = YES;
				ONLY_ACTIVE_ARCH = YES;
				SDKROOT = iphoneos;
				SWIFT_ACTIVE_COMPILATION_CONDITIONS = DEBUG;
				SWIFT_OPTIMIZATION_LEVEL = "-Onone";
			};
			name = Debug;
		};
		C8773E7624C8050D00786A34 /* Release */ = {
			isa = XCBuildConfiguration;
			buildSettings = {
				ALWAYS_SEARCH_USER_PATHS = NO;
				CLANG_ANALYZER_NONNULL = YES;
				CLANG_ANALYZER_NUMBER_OBJECT_CONVERSION = YES_AGGRESSIVE;
				CLANG_CXX_LANGUAGE_STANDARD = "gnu++14";
				CLANG_CXX_LIBRARY = "libc++";
				CLANG_ENABLE_MODULES = YES;
				CLANG_ENABLE_OBJC_ARC = YES;
				CLANG_ENABLE_OBJC_WEAK = YES;
				CLANG_WARN_BLOCK_CAPTURE_AUTORELEASING = YES;
				CLANG_WARN_BOOL_CONVERSION = YES;
				CLANG_WARN_COMMA = YES;
				CLANG_WARN_CONSTANT_CONVERSION = YES;
				CLANG_WARN_DEPRECATED_OBJC_IMPLEMENTATIONS = YES;
				CLANG_WARN_DIRECT_OBJC_ISA_USAGE = YES_ERROR;
				CLANG_WARN_DOCUMENTATION_COMMENTS = YES;
				CLANG_WARN_EMPTY_BODY = YES;
				CLANG_WARN_ENUM_CONVERSION = YES;
				CLANG_WARN_INFINITE_RECURSION = YES;
				CLANG_WARN_INT_CONVERSION = YES;
				CLANG_WARN_NON_LITERAL_NULL_CONVERSION = YES;
				CLANG_WARN_OBJC_IMPLICIT_RETAIN_SELF = YES;
				CLANG_WARN_OBJC_LITERAL_CONVERSION = YES;
				CLANG_WARN_OBJC_ROOT_CLASS = YES_ERROR;
				CLANG_WARN_RANGE_LOOP_ANALYSIS = YES;
				CLANG_WARN_STRICT_PROTOTYPES = YES;
				CLANG_WARN_SUSPICIOUS_MOVE = YES;
				CLANG_WARN_UNGUARDED_AVAILABILITY = YES_AGGRESSIVE;
				CLANG_WARN_UNREACHABLE_CODE = YES;
				CLANG_WARN__DUPLICATE_METHOD_MATCH = YES;
				COPY_PHASE_STRIP = NO;
				DEBUG_INFORMATION_FORMAT = "dwarf-with-dsym";
				ENABLE_NS_ASSERTIONS = NO;
				ENABLE_STRICT_OBJC_MSGSEND = YES;
				GCC_C_LANGUAGE_STANDARD = gnu11;
				GCC_NO_COMMON_BLOCKS = YES;
				GCC_WARN_64_TO_32_BIT_CONVERSION = YES;
				GCC_WARN_ABOUT_RETURN_TYPE = YES_ERROR;
				GCC_WARN_UNDECLARED_SELECTOR = YES;
				GCC_WARN_UNINITIALIZED_AUTOS = YES_AGGRESSIVE;
				GCC_WARN_UNUSED_FUNCTION = YES;
				GCC_WARN_UNUSED_VARIABLE = YES;
				IPHONEOS_DEPLOYMENT_TARGET = 13.6;
				MTL_ENABLE_DEBUG_INFO = NO;
				MTL_FAST_MATH = YES;
				SDKROOT = iphoneos;
				SWIFT_COMPILATION_MODE = wholemodule;
				SWIFT_OPTIMIZATION_LEVEL = "-O";
				VALIDATE_PRODUCT = YES;
			};
			name = Release;
		};
		C8773E7824C8050D00786A34 /* Debug */ = {
			isa = XCBuildConfiguration;
			baseConfigurationReference = 1AD6D16E9F4FBBDE3B8FBA89 /* Pods-HopperHacksProject.debug.xcconfig */;
			buildSettings = {
				ASSETCATALOG_COMPILER_APPICON_NAME = AppIcon;
				CODE_SIGN_STYLE = Automatic;
				DEVELOPMENT_TEAM = 5NK3WH4NVQ;
				INFOPLIST_FILE = HopperHacksProject/Info.plist;
				LD_RUNPATH_SEARCH_PATHS = (
					"$(inherited)",
					"@executable_path/Frameworks",
				);
				PRODUCT_BUNDLE_IDENTIFIER = HopperHacks.HopperHacksProject;
				PRODUCT_NAME = "$(TARGET_NAME)";
				SWIFT_VERSION = 5.0;
				TARGETED_DEVICE_FAMILY = "1,2";
			};
			name = Debug;
		};
		C8773E7924C8050D00786A34 /* Release */ = {
			isa = XCBuildConfiguration;
			baseConfigurationReference = 88D42F70605DCA21E45BD436 /* Pods-HopperHacksProject.release.xcconfig */;
			buildSettings = {
				ASSETCATALOG_COMPILER_APPICON_NAME = AppIcon;
				CODE_SIGN_STYLE = Automatic;
				DEVELOPMENT_TEAM = 5NK3WH4NVQ;
				INFOPLIST_FILE = HopperHacksProject/Info.plist;
				LD_RUNPATH_SEARCH_PATHS = (
					"$(inherited)",
					"@executable_path/Frameworks",
				);
				PRODUCT_BUNDLE_IDENTIFIER = HopperHacks.HopperHacksProject;
				PRODUCT_NAME = "$(TARGET_NAME)";
				SWIFT_VERSION = 5.0;
				TARGETED_DEVICE_FAMILY = "1,2";
			};
			name = Release;
		};
		C8773E7B24C8050D00786A34 /* Debug */ = {
			isa = XCBuildConfiguration;
			baseConfigurationReference = 0770642C884F380443AA23A3 /* Pods-HopperHacksProjectTests.debug.xcconfig */;
			buildSettings = {
				ALWAYS_EMBED_SWIFT_STANDARD_LIBRARIES = YES;
				BUNDLE_LOADER = "$(TEST_HOST)";
				CODE_SIGN_STYLE = Automatic;
				DEVELOPMENT_TEAM = 5NK3WH4NVQ;
				INFOPLIST_FILE = HopperHacksProjectTests/Info.plist;
				IPHONEOS_DEPLOYMENT_TARGET = 13.6;
				LD_RUNPATH_SEARCH_PATHS = (
					"$(inherited)",
					"@executable_path/Frameworks",
					"@loader_path/Frameworks",
				);
				PRODUCT_BUNDLE_IDENTIFIER = HopperHacks.HopperHacksProjectTests;
				PRODUCT_NAME = "$(TARGET_NAME)";
				SWIFT_VERSION = 5.0;
				TARGETED_DEVICE_FAMILY = "1,2";
				TEST_HOST = "$(BUILT_PRODUCTS_DIR)/HopperHacksProject.app/HopperHacksProject";
			};
			name = Debug;
		};
		C8773E7C24C8050D00786A34 /* Release */ = {
			isa = XCBuildConfiguration;
			baseConfigurationReference = 28FECD187E7A9694FBCD577B /* Pods-HopperHacksProjectTests.release.xcconfig */;
			buildSettings = {
				ALWAYS_EMBED_SWIFT_STANDARD_LIBRARIES = YES;
				BUNDLE_LOADER = "$(TEST_HOST)";
				CODE_SIGN_STYLE = Automatic;
				DEVELOPMENT_TEAM = 5NK3WH4NVQ;
				INFOPLIST_FILE = HopperHacksProjectTests/Info.plist;
				IPHONEOS_DEPLOYMENT_TARGET = 13.6;
				LD_RUNPATH_SEARCH_PATHS = (
					"$(inherited)",
					"@executable_path/Frameworks",
					"@loader_path/Frameworks",
				);
				PRODUCT_BUNDLE_IDENTIFIER = HopperHacks.HopperHacksProjectTests;
				PRODUCT_NAME = "$(TARGET_NAME)";
				SWIFT_VERSION = 5.0;
				TARGETED_DEVICE_FAMILY = "1,2";
				TEST_HOST = "$(BUILT_PRODUCTS_DIR)/HopperHacksProject.app/HopperHacksProject";
			};
			name = Release;
		};
		C8773E7E24C8050D00786A34 /* Debug */ = {
			isa = XCBuildConfiguration;
			baseConfigurationReference = 965F2BA0CD5A11FCBADFEF3F /* Pods-HopperHacksProject-HopperHacksProjectUITests.debug.xcconfig */;
			buildSettings = {
				ALWAYS_EMBED_SWIFT_STANDARD_LIBRARIES = YES;
				CODE_SIGN_STYLE = Automatic;
				DEVELOPMENT_TEAM = 5NK3WH4NVQ;
				INFOPLIST_FILE = HopperHacksProjectUITests/Info.plist;
				LD_RUNPATH_SEARCH_PATHS = (
					"$(inherited)",
					"@executable_path/Frameworks",
					"@loader_path/Frameworks",
				);
				PRODUCT_BUNDLE_IDENTIFIER = HopperHacks.HopperHacksProjectUITests;
				PRODUCT_NAME = "$(TARGET_NAME)";
				SWIFT_VERSION = 5.0;
				TARGETED_DEVICE_FAMILY = "1,2";
				TEST_TARGET_NAME = HopperHacksProject;
			};
			name = Debug;
		};
		C8773E7F24C8050D00786A34 /* Release */ = {
			isa = XCBuildConfiguration;
			baseConfigurationReference = 369D619D8A5C66F69B1AF138 /* Pods-HopperHacksProject-HopperHacksProjectUITests.release.xcconfig */;
			buildSettings = {
				ALWAYS_EMBED_SWIFT_STANDARD_LIBRARIES = YES;
				CODE_SIGN_STYLE = Automatic;
				DEVELOPMENT_TEAM = 5NK3WH4NVQ;
				INFOPLIST_FILE = HopperHacksProjectUITests/Info.plist;
				LD_RUNPATH_SEARCH_PATHS = (
					"$(inherited)",
					"@executable_path/Frameworks",
					"@loader_path/Frameworks",
				);
				PRODUCT_BUNDLE_IDENTIFIER = HopperHacks.HopperHacksProjectUITests;
				PRODUCT_NAME = "$(TARGET_NAME)";
				SWIFT_VERSION = 5.0;
				TARGETED_DEVICE_FAMILY = "1,2";
				TEST_TARGET_NAME = HopperHacksProject;
			};
			name = Release;
		};
/* End XCBuildConfiguration section */

/* Begin XCConfigurationList section */
		C8773E4324C8050200786A34 /* Build configuration list for PBXProject "HopperHacksProject" */ = {
			isa = XCConfigurationList;
			buildConfigurations = (
				C8773E7524C8050D00786A34 /* Debug */,
				C8773E7624C8050D00786A34 /* Release */,
			);
			defaultConfigurationIsVisible = 0;
			defaultConfigurationName = Release;
		};
		C8773E7724C8050D00786A34 /* Build configuration list for PBXNativeTarget "HopperHacksProject" */ = {
			isa = XCConfigurationList;
			buildConfigurations = (
				C8773E7824C8050D00786A34 /* Debug */,
				C8773E7924C8050D00786A34 /* Release */,
			);
			defaultConfigurationIsVisible = 0;
			defaultConfigurationName = Release;
		};
		C8773E7A24C8050D00786A34 /* Build configuration list for PBXNativeTarget "HopperHacksProjectTests" */ = {
			isa = XCConfigurationList;
			buildConfigurations = (
				C8773E7B24C8050D00786A34 /* Debug */,
				C8773E7C24C8050D00786A34 /* Release */,
			);
			defaultConfigurationIsVisible = 0;
			defaultConfigurationName = Release;
		};
		C8773E7D24C8050D00786A34 /* Build configuration list for PBXNativeTarget "HopperHacksProjectUITests" */ = {
			isa = XCConfigurationList;
			buildConfigurations = (
				C8773E7E24C8050D00786A34 /* Debug */,
				C8773E7F24C8050D00786A34 /* Release */,
			);
			defaultConfigurationIsVisible = 0;
			defaultConfigurationName = Release;
		};
/* End XCConfigurationList section */

/* Begin XCVersionGroup section */
		C8773E5624C8050300786A34 /* HopperHacksProject.xcdatamodeld */ = {
			isa = XCVersionGroup;
			children = (
				C8773E5724C8050300786A34 /* HopperHacksProject.xcdatamodel */,
			);
			currentVersion = C8773E5724C8050300786A34 /* HopperHacksProject.xcdatamodel */;
			path = HopperHacksProject.xcdatamodeld;
			sourceTree = "<group>";
			versionGroupType = wrapper.xcdatamodel;
		};
/* End XCVersionGroup section */
	};
	rootObject = C8773E4024C8050200786A34 /* Project object */;
}
